
Microsoft Visual Studio Solution File, Format Version 12.00
# Visual Studio Version 16
VisualStudioVersion = 16.0.29509.3
MinimumVisualStudioVersion = 10.0.40219.1
Project("{FAE04EC0-301F-11D3-BF4B-00C04F79EFBC}") = "Person", "Person\Person.csproj", "{6A4BF529-30EA-4EBE-B43A-B8DA733DED6E}"
EndProject
Project("{FAE04EC0-301F-11D3-BF4B-00C04F79EFBC}") = "Student", "Student\Student.csproj", "{D18D362D-6AB2-4979-BA93-7833E9E95A1C}"
EndProject
Project("{FAE04EC0-301F-11D3-BF4B-00C04F79EFBC}") = "Teacher", "Teacher\Teacher.csproj", "{10E79773-B746-4A2D-90DC-CB6B86C723B4}"
EndProject
Project("{FAE04EC0-301F-11D3-BF4B-00C04F79EFBC}") = "MainProgram", "MainProgram\MainProgram.csproj", "{FECF3DF8-4927-4D7F-B5D1-5EDE79833EF8}"
EndProject
Global
	GlobalSection(SolutionConfigurationPlatforms) = preSolution
		Debug|Any CPU = Debug|Any CPU
		Release|Any CPU = Release|Any CPU
	EndGlobalSection
	GlobalSection(ProjectConfigurationPlatforms) = postSolution
		{6A4BF529-30EA-4EBE-B43A-B8DA733DED6E}.Debug|Any CPU.ActiveCfg = Debug|Any CPU
		{6A4BF529-30EA-4EBE-B43A-B8DA733DED6E}.Debug|Any CPU.Build.0 = Debug|Any CPU
		{6A4BF529-30EA-4EBE-B43A-B8DA733DED6E}.Release|Any CPU.ActiveCfg = Release|Any CPU
		{6A4BF529-30EA-4EBE-B43A-B8DA733DED6E}.Release|Any CPU.Build.0 = Release|Any CPU
		{D18D362D-6AB2-4979-BA93-7833E9E95A1C}.Debug|Any CPU.ActiveCfg = Debug|Any CPU
		{D18D362D-6AB2-4979-BA93-7833E9E95A1C}.Debug|Any CPU.Build.0 = Debug|Any CPU
		{D18D362D-6AB2-4979-BA93-7833E9E95A1C}.Release|Any CPU.ActiveCfg = Release|Any CPU
		{D18D362D-6AB2-4979-BA93-7833E9E95A1C}.Release|Any CPU.Build.0 = Release|Any CPU
		{10E79773-B746-4A2D-90DC-CB6B86C723B4}.Debug|Any CPU.ActiveCfg = Debug|Any CPU
		{10E79773-B746-4A2D-90DC-CB6B86C723B4}.Debug|Any CPU.Build.0 = Debug|Any CPU
		{10E79773-B746-4A2D-90DC-CB6B86C723B4}.Release|Any CPU.ActiveCfg = Release|Any CPU
		{10E79773-B746-4A2D-90DC-CB6B86C723B4}.Release|Any CPU.Build.0 = Release|Any CPU
		{FECF3DF8-4927-4D7F-B5D1-5EDE79833EF8}.Debug|Any CPU.ActiveCfg = Debug|Any CPU
		{FECF3DF8-4927-4D7F-B5D1-5EDE79833EF8}.Debug|Any CPU.Build.0 = Debug|Any CPU
		{FECF3DF8-4927-4D7F-B5D1-5EDE79833EF8}.Release|Any CPU.ActiveCfg = Release|Any CPU
		{FECF3DF8-4927-4D7F-B5D1-5EDE79833EF8}.Release|Any CPU.Build.0 = Release|Any CPU
	EndGlobalSection
	GlobalSection(SolutionProperties) = preSolution
		HideSolutionNode = FALSE
	EndGlobalSection
	GlobalSection(ExtensibilityGlobals) = postSolution
		SolutionGuid = {9754569F-E8C4-4892-A4F9-88CF889A802F}
	EndGlobalSection
EndGlobal
